
Microsoft Visual Studio Solution File, Format Version 12.00
# Visual Studio Version 17
VisualStudioVersion = 17.9.34728.123
MinimumVisualStudioVersion = 10.0.40219.1
Project("{FAE04EC0-301F-11D3-BF4B-00C04F79EFBC}") = "TechTrackers.API", "TechTrackers.API\TechTrackers.API.csproj", "{13D9980A-7F18-4C2F-A151-26FD43E23779}"
EndProject
Project("{FAE04EC0-301F-11D3-BF4B-00C04F79EFBC}") = "TechTrackers.Data", "TechTrackers.Data\TechTrackers.Data.csproj", "{6ABC6BDA-FAFC-4BB4-AB0E-0226C798EA8A}"
EndProject
Project("{FAE04EC0-301F-11D3-BF4B-00C04F79EFBC}") = "TechTrackers.Service", "TechTrackers.Service\TechTrackers.Service.csproj", "{B4B50F0A-749C-4801-AEED-3CC6D0F064C7}"
EndProject
Global
	GlobalSection(SolutionConfigurationPlatforms) = preSolution
		Debug|Any CPU = Debug|Any CPU
		Release|Any CPU = Release|Any CPU
	EndGlobalSection
	GlobalSection(ProjectConfigurationPlatforms) = postSolution
		{13D9980A-7F18-4C2F-A151-26FD43E23779}.Debug|Any CPU.ActiveCfg = Debug|Any CPU
		{13D9980A-7F18-4C2F-A151-26FD43E23779}.Debug|Any CPU.Build.0 = Debug|Any CPU
		{13D9980A-7F18-4C2F-A151-26FD43E23779}.Release|Any CPU.ActiveCfg = Release|Any CPU
		{13D9980A-7F18-4C2F-A151-26FD43E23779}.Release|Any CPU.Build.0 = Release|Any CPU
		{6ABC6BDA-FAFC-4BB4-AB0E-0226C798EA8A}.Debug|Any CPU.ActiveCfg = Debug|Any CPU
		{6ABC6BDA-FAFC-4BB4-AB0E-0226C798EA8A}.Debug|Any CPU.Build.0 = Debug|Any CPU
		{6ABC6BDA-FAFC-4BB4-AB0E-0226C798EA8A}.Release|Any CPU.ActiveCfg = Release|Any CPU
		{6ABC6BDA-FAFC-4BB4-AB0E-0226C798EA8A}.Release|Any CPU.Build.0 = Release|Any CPU
		{B4B50F0A-749C-4801-AEED-3CC6D0F064C7}.Debug|Any CPU.ActiveCfg = Debug|Any CPU
		{B4B50F0A-749C-4801-AEED-3CC6D0F064C7}.Debug|Any CPU.Build.0 = Debug|Any CPU
		{B4B50F0A-749C-4801-AEED-3CC6D0F064C7}.Release|Any CPU.ActiveCfg = Release|Any CPU
		{B4B50F0A-749C-4801-AEED-3CC6D0F064C7}.Release|Any CPU.Build.0 = Release|Any CPU
	EndGlobalSection
	GlobalSection(SolutionProperties) = preSolution
		HideSolutionNode = FALSE
	EndGlobalSection
	GlobalSection(ExtensibilityGlobals) = postSolution
		SolutionGuid = {1689D8F4-75D5-47D0-9CB2-1D895A4CECD6}
	EndGlobalSection
EndGlobal
